
Microsoft Visual Studio Solution File, Format Version 12.00
# Visual Studio Version 17
VisualStudioVersion = 17.14.36212.18 d17.14
MinimumVisualStudioVersion = 10.0.40219.1
Project("{FAE04EC0-301F-11D3-BF4B-00C04F79EFBC}") = "ABCRetailers", "ABCRetailers.csproj", "{E49A76FE-B5B5-444D-8BAE-CCE31C7B514C}"
EndProject
Global
	GlobalSection(SolutionConfigurationPlatforms) = preSolution
		Debug|Any CPU = Debug|Any CPU
		Release|Any CPU = Release|Any CPU
	EndGlobalSection
	GlobalSection(ProjectConfigurationPlatforms) = postSolution
		{E49A76FE-B5B5-444D-8BAE-CCE31C7B514C}.Debug|Any CPU.ActiveCfg = Debug|Any CPU
		{E49A76FE-B5B5-444D-8BAE-CCE31C7B514C}.Debug|Any CPU.Build.0 = Debug|Any CPU
		{E49A76FE-B5B5-444D-8BAE-CCE31C7B514C}.Release|Any CPU.ActiveCfg = Release|Any CPU
		{E49A76FE-B5B5-444D-8BAE-CCE31C7B514C}.Release|Any CPU.Build.0 = Release|Any CPU
	EndGlobalSection
	GlobalSection(SolutionProperties) = preSolution
		HideSolutionNode = FALSE
	EndGlobalSection
	GlobalSection(ExtensibilityGlobals) = postSolution
		SolutionGuid = {FB23FCB0-4B22-45D2-822A-FA5351F22E08}
	EndGlobalSection
EndGlobal
